// !$*UTF8*$!
{
	archiveVersion = 1;
	classes = {
	};
	objectVersion = 55;
	objects = {

/* Begin PBXBuildFile section */
		5902903927DCD2520039EA73 /* Realm in Frameworks */ = {isa = PBXBuildFile; productRef = 5902903827DCD2520039EA73 /* Realm */; };
		5902903B27DCD2520039EA73 /* RealmSwift in Frameworks */ = {isa = PBXBuildFile; productRef = 5902903A27DCD2520039EA73 /* RealmSwift */; };
		5902903E27DCDA6A0039EA73 /* Task.swift in Sources */ = {isa = PBXBuildFile; fileRef = 5902903D27DCDA6A0039EA73 /* Task.swift */; };
		59356DEF27D3994E00D6C950 /* ToDoListApp.swift in Sources */ = {isa = PBXBuildFile; fileRef = 59356DEE27D3994E00D6C950 /* ToDoListApp.swift */; };
		59356DF127D3994E00D6C950 /* ContentView.swift in Sources */ = {isa = PBXBuildFile; fileRef = 59356DF027D3994E00D6C950 /* ContentView.swift */; };
		59356DF327D3995600D6C950 /* Assets.xcassets in Resources */ = {isa = PBXBuildFile; fileRef = 59356DF227D3995600D6C950 /* Assets.xcassets */; };
		59356DF627D3995600D6C950 /* Preview Assets.xcassets in Resources */ = {isa = PBXBuildFile; fileRef = 59356DF527D3995600D6C950 /* Preview Assets.xcassets */; };
		59356DFD27D399EF00D6C950 /* TasksView.swift in Sources */ = {isa = PBXBuildFile; fileRef = 59356DFC27D399EF00D6C950 /* TasksView.swift */; };
		59356E0127D39C5600D6C950 /* TaskRow.swift in Sources */ = {isa = PBXBuildFile; fileRef = 59356E0027D39C5600D6C950 /* TaskRow.swift */; };
		59356E0327D3A39500D6C950 /* AddTaskView.swift in Sources */ = {isa = PBXBuildFile; fileRef = 59356E0227D3A39500D6C950 /* AddTaskView.swift */; };
		59356E0527D3A73100D6C950 /* AddButton.swift in Sources */ = {isa = PBXBuildFile; fileRef = 59356E0427D3A73100D6C950 /* AddButton.swift */; };
		59356E0F27D5008100D6C950 /* RealmManager.swift in Sources */ = {isa = PBXBuildFile; fileRef = 59356E0E27D5008100D6C950 /* RealmManager.swift */; };
/* End PBXBuildFile section */

/* Begin PBXFileReference section */
		5902903D27DCDA6A0039EA73 /* Task.swift */ = {isa = PBXFileReference; lastKnownFileType = sourcecode.swift; path = Task.swift; sourceTree = "<group>"; };
		59356DEE27D3994E00D6C950 /* ToDoListApp.swift */ = {isa = PBXFileReference; lastKnownFileType = sourcecode.swift; path = ToDoListApp.swift; sourceTree = "<group>"; };
		59356DF027D3994E00D6C950 /* ContentView.swift */ = {isa = PBXFileReference; lastKnownFileType = sourcecode.swift; path = ContentView.swift; sourceTree = "<group>"; };
		59356DF227D3995600D6C950 /* Assets.xcassets */ = {isa = PBXFileReference; lastKnownFileType = folder.assetcatalog; path = Assets.xcassets; sourceTree = "<group>"; };
		59356DF527D3995600D6C950 /* Preview Assets.xcassets */ = {isa = PBXFileReference; lastKnownFileType = folder.assetcatalog; path = "Preview Assets.xcassets"; sourceTree = "<group>"; };
		59356DFC27D399EF00D6C950 /* TasksView.swift */ = {isa = PBXFileReference; lastKnownFileType = sourcecode.swift; path = TasksView.swift; sourceTree = "<group>"; };
		59356E0027D39C5600D6C950 /* TaskRow.swift */ = {isa = PBXFileReference; lastKnownFileType = sourcecode.swift; path = TaskRow.swift; sourceTree = "<group>"; };
		59356E0227D3A39500D6C950 /* AddTaskView.swift */ = {isa = PBXFileReference; lastKnownFileType = sourcecode.swift; path = AddTaskView.swift; sourceTree = "<group>"; };
		59356E0427D3A73100D6C950 /* AddButton.swift */ = {isa = PBXFileReference; lastKnownFileType = sourcecode.swift; path = AddButton.swift; sourceTree = "<group>"; };
		59356E0E27D5008100D6C950 /* RealmManager.swift */ = {isa = PBXFileReference; lastKnownFileType = sourcecode.swift; path = RealmManager.swift; sourceTree = "<group>"; };
		595CF2E227F5FD1B00B80102 /* ToDoList.app */ = {isa = PBXFileReference; explicitFileType = wrapper.application; includeInIndex = 0; path = ToDoList.app; sourceTree = BUILT_PRODUCTS_DIR; };
/* End PBXFileReference section */

/* Begin PBXFrameworksBuildPhase section */
		59356DE827D3994E00D6C950 /* Frameworks */ = {
			isa = PBXFrameworksBuildPhase;
			buildActionMask = 2147483647;
			files = (
				5902903B27DCD2520039EA73 /* RealmSwift in Frameworks */,
				5902903927DCD2520039EA73 /* Realm in Frameworks */,
			);
			runOnlyForDeploymentPostprocessing = 0;
		};
/* End PBXFrameworksBuildPhase section */

/* Begin PBXGroup section */
		59356DE227D3994E00D6C950 = {
			isa = PBXGroup;
			children = (
				59356DED27D3994E00D6C950 /* ToDoList */,
				595CF2E227F5FD1B00B80102 /* ToDoList.app */,
			);
			sourceTree = "<group>";
		};
		59356DED27D3994E00D6C950 /* ToDoList */ = {
			isa = PBXGroup;
			children = (
				59356DFE27D39A0800D6C950 /* Views */,
				59356DEE27D3994E00D6C950 /* ToDoListApp.swift */,
				59356E0E27D5008100D6C950 /* RealmManager.swift */,
				5902903D27DCDA6A0039EA73 /* Task.swift */,
				59356DF427D3995600D6C950 /* Preview Content */,
				59356DF227D3995600D6C950 /* Assets.xcassets */,
			);
			path = ToDoList;
			sourceTree = "<group>";
		};
		59356DF427D3995600D6C950 /* Preview Content */ = {
			isa = PBXGroup;
			children = (
				59356DF527D3995600D6C950 /* Preview Assets.xcassets */,
			);
			path = "Preview Content";
			sourceTree = "<group>";
		};
		59356DFE27D39A0800D6C950 /* Views */ = {
			isa = PBXGroup;
			children = (
				59356DF027D3994E00D6C950 /* ContentView.swift */,
				59356DFC27D399EF00D6C950 /* TasksView.swift */,
				59356E0227D3A39500D6C950 /* AddTaskView.swift */,
				59356DFF27D39C2E00D6C950 /* Components */,
			);
			path = Views;
			sourceTree = "<group>";
		};
		59356DFF27D39C2E00D6C950 /* Components */ = {
			isa = PBXGroup;
			children = (
				59356E0027D39C5600D6C950 /* TaskRow.swift */,
				59356E0427D3A73100D6C950 /* AddButton.swift */,
			);
			path = Components;
			sourceTree = "<group>";
		};
/* End PBXGroup section */

/* Begin PBXNativeTarget section */
		59356DEA27D3994E00D6C950 /* ToDoList */ = {
			isa = PBXNativeTarget;
			buildConfigurationList = 59356DF927D3995600D6C950 /* Build configuration list for PBXNativeTarget "ToDoList" */;
			buildPhases = (
				59356DE727D3994E00D6C950 /* Sources */,
				59356DE827D3994E00D6C950 /* Frameworks */,
				59356DE927D3994E00D6C950 /* Resources */,
			);
			buildRules = (
			);
			dependencies = (
			);
			name = ToDoList;
			packageProductDependencies = (
				5902903827DCD2520039EA73 /* Realm */,
				5902903A27DCD2520039EA73 /* RealmSwift */,
			);
			productName = ToDoList;
			productReference = 595CF2E227F5FD1B00B80102 /* ToDoList.app */;
			productType = "com.apple.product-type.application";
		};
/* End PBXNativeTarget section */

/* Begin PBXProject section */
		59356DE327D3994E00D6C950 /* Project object */ = {
			isa = PBXProject;
			attributes = {
				BuildIndependentTargetsInParallel = 1;
				LastSwiftUpdateCheck = 1300;
				LastUpgradeCheck = 1300;
				TargetAttributes = {
					59356DEA27D3994E00D6C950 = {
						CreatedOnToolsVersion = 13.0;
					};
				};
			};
			buildConfigurationList = 59356DE627D3994E00D6C950 /* Build configuration list for PBXProject "ToDoList" */;
			compatibilityVersion = "Xcode 13.0";
			developmentRegion = en;
			hasScannedForEncodings = 0;
			knownRegions = (
				en,
				Base,
			);
			mainGroup = 59356DE227D3994E00D6C950;
			packageReferences = (
				5902903727DCD2520039EA73 /* XCRemoteSwiftPackageReference "realm-swift" */,
			);
			productRefGroup = 59356DE227D3994E00D6C950;
			projectDirPath = "";
			projectRoot = "";
			targets = (
				59356DEA27D3994E00D6C950 /* ToDoList */,
			);
		};
/* End PBXProject section */

/* Begin PBXResourcesBuildPhase section */
		59356DE927D3994E00D6C950 /* Resources */ = {
			isa = PBXResourcesBuildPhase;
			buildActionMask = 2147483647;
			files = (
				59356DF627D3995600D6C950 /* Preview Assets.xcassets in Resources */,
				59356DF327D3995600D6C950 /* Assets.xcassets in Resources */,
			);
			runOnlyForDeploymentPostprocessing = 0;
		};
/* End PBXResourcesBuildPhase section */

/* Begin PBXSourcesBuildPhase section */
		59356DE727D3994E00D6C950 /* Sources */ = {
			isa = PBXSourcesBuildPhase;
			buildActionMask = 2147483647;
			files = (
				5902903E27DCDA6A0039EA73 /* Task.swift in Sources */,
				59356DF127D3994E00D6C950 /* ContentView.swift in Sources */,
				59356E0327D3A39500D6C950 /* AddTaskView.swift in Sources */,
				59356DFD27D399EF00D6C950 /* TasksView.swift in Sources */,
				59356E0527D3A73100D6C950 /* AddButton.swift in Sources */,
				59356DEF27D3994E00D6C950 /* ToDoListApp.swift in Sources */,
				59356E0F27D5008100D6C950 /* RealmManager.swift in Sources */,
				59356E0127D39C5600D6C950 /* TaskRow.swift in Sources */,
			);
			runOnlyForDeploymentPostprocessing = 0;
		};
/* End PBXSourcesBuildPhase section */

/* Begin XCBuildConfiguration section */
		59356DF727D3995600D6C950 /* Debug */ = {
			isa = XCBuildConfiguration;
			buildSettings = {
				ALWAYS_SEARCH_USER_PATHS = NO;
				CLANG_ANALYZER_NONNULL = YES;
				CLANG_ANALYZER_NUMBER_OBJECT_CONVERSION = YES_AGGRESSIVE;
				CLANG_CXX_LANGUAGE_STANDARD = "gnu++17";
				CLANG_CXX_LIBRARY = "libc++";
				CLANG_ENABLE_MODULES = YES;
				CLANG_ENABLE_OBJC_ARC = YES;
				CLANG_ENABLE_OBJC_WEAK = YES;
				CLANG_WARN_BLOCK_CAPTURE_AUTORELEASING = YES;
				CLANG_WARN_BOOL_CONVERSION = YES;
				CLANG_WARN_COMMA = YES;
				CLANG_WARN_CONSTANT_CONVERSION = YES;
				CLANG_WARN_DEPRECATED_OBJC_IMPLEMENTATIONS = YES;
				CLANG_WARN_DIRECT_OBJC_ISA_USAGE = YES_ERROR;
				CLANG_WARN_DOCUMENTATION_COMMENTS = YES;
				CLANG_WARN_EMPTY_BODY = YES;
				CLANG_WARN_ENUM_CONVERSION = YES;
				CLANG_WARN_INFINITE_RECURSION = YES;
				CLANG_WARN_INT_CONVERSION = YES;
				CLANG_WARN_NON_LITERAL_NULL_CONVERSION = YES;
				CLANG_WARN_OBJC_IMPLICIT_RETAIN_SELF = YES;
				CLANG_WARN_OBJC_LITERAL_CONVERSION = YES;
				CLANG_WARN_OBJC_ROOT_CLASS = YES_ERROR;
				CLANG_WARN_QUOTED_INCLUDE_IN_FRAMEWORK_HEADER = YES;
				CLANG_WARN_RANGE_LOOP_ANALYSIS = YES;
				CLANG_WARN_STRICT_PROTOTYPES = YES;
				CLANG_WARN_SUSPICIOUS_MOVE = YES;
				CLANG_WARN_UNGUARDED_AVAILABILITY = YES_AGGRESSIVE;
				CLANG_WARN_UNREACHABLE_CODE = YES;
				CLANG_WARN__DUPLICATE_METHOD_MATCH = YES;
				COPY_PHASE_STRIP = NO;
				DEBUG_INFORMATION_FORMAT = dwarf;
				ENABLE_STRICT_OBJC_MSGSEND = YES;
				ENABLE_TESTABILITY = YES;
				GCC_C_LANGUAGE_STANDARD = gnu11;
				GCC_DYNAMIC_NO_PIC = NO;
				GCC_NO_COMMON_BLOCKS = YES;
				GCC_OPTIMIZATION_LEVEL = 0;
				GCC_PREPROCESSOR_DEFINITIONS = (
					"DEBUG=1",
					"$(inherited)",
				);
				GCC_WARN_64_TO_32_BIT_CONVERSION = YES;
				GCC_WARN_ABOUT_RETURN_TYPE = YES_ERROR;
				GCC_WARN_UNDECLARED_SELECTOR = YES;
				GCC_WARN_UNINITIALIZED_AUTOS = YES_AGGRESSIVE;
				GCC_WARN_UNUSED_FUNCTION = YES;
				GCC_WARN_UNUSED_VARIABLE = YES;
				IPHONEOS_DEPLOYMENT_TARGET = 15.0;
				MTL_ENABLE_DEBUG_INFO = INCLUDE_SOURCE;
				MTL_FAST_MATH = YES;
				ONLY_ACTIVE_ARCH = YES;
				SDKROOT = iphoneos;
				SWIFT_ACTIVE_COMPILATION_CONDITIONS = DEBUG;
				SWIFT_OPTIMIZATION_LEVEL = "-Onone";
			};
			name = Debug;
		};
		59356DF827D3995600D6C950 /* Release */ = {
			isa = XCBuildConfiguration;
			buildSettings = {
				ALWAYS_SEARCH_USER_PATHS = NO;
				CLANG_ANALYZER_NONNULL = YES;
				CLANG_ANALYZER_NUMBER_OBJECT_CONVERSION = YES_AGGRESSIVE;
				CLANG_CXX_LANGUAGE_STANDARD = "gnu++17";
				CLANG_CXX_LIBRARY = "libc++";
				CLANG_ENABLE_MODULES = YES;
				CLANG_ENABLE_OBJC_ARC = YES;
				CLANG_ENABLE_OBJC_WEAK = YES;
				CLANG_WARN_BLOCK_CAPTURE_AUTORELEASING = YES;
				CLANG_WARN_BOOL_CONVERSION = YES;
				CLANG_WARN_COMMA = YES;
				CLANG_WARN_CONSTANT_CONVERSION = YES;
				CLANG_WARN_DEPRECATED_OBJC_IMPLEMENTATIONS = YES;
				CLANG_WARN_DIRECT_OBJC_ISA_USAGE = YES_ERROR;
				CLANG_WARN_DOCUMENTATION_COMMENTS = YES;
				CLANG_WARN_EMPTY_BODY = YES;
				CLANG_WARN_ENUM_CONVERSION = YES;
				CLANG_WARN_INFINITE_RECURSION = YES;
				CLANG_WARN_INT_CONVERSION = YES;
				CLANG_WARN_NON_LITERAL_NULL_CONVERSION = YES;
				CLANG_WARN_OBJC_IMPLICIT_RETAIN_SELF = YES;
				CLANG_WARN_OBJC_LITERAL_CONVERSION = YES;
				CLANG_WARN_OBJC_ROOT_CLASS = YES_ERROR;
				CLANG_WARN_QUOTED_INCLUDE_IN_FRAMEWORK_HEADER = YES;
				CLANG_WARN_RANGE_LOOP_ANALYSIS = YES;
				CLANG_WARN_STRICT_PROTOTYPES = YES;
				CLANG_WARN_SUSPICIOUS_MOVE = YES;
				CLANG_WARN_UNGUARDED_AVAILABILITY = YES_AGGRESSIVE;
				CLANG_WARN_UNREACHABLE_CODE = YES;
				CLANG_WARN__DUPLICATE_METHOD_MATCH = YES;
				COPY_PHASE_STRIP = NO;
				DEBUG_INFORMATION_FORMAT = "dwarf-with-dsym";
				ENABLE_NS_ASSERTIONS = NO;
				ENABLE_STRICT_OBJC_MSGSEND = YES;
				GCC_C_LANGUAGE_STANDARD = gnu11;
				GCC_NO_COMMON_BLOCKS = YES;
				GCC_WARN_64_TO_32_BIT_CONVERSION = YES;
				GCC_WARN_ABOUT_RETURN_TYPE = YES_ERROR;
				GCC_WARN_UNDECLARED_SELECTOR = YES;
				GCC_WARN_UNINITIALIZED_AUTOS = YES_AGGRESSIVE;
				GCC_WARN_UNUSED_FUNCTION = YES;
				GCC_WARN_UNUSED_VARIABLE = YES;
				IPHONEOS_DEPLOYMENT_TARGET = 15.0;
				MTL_ENABLE_DEBUG_INFO = NO;
				MTL_FAST_MATH = YES;
				SDKROOT = iphoneos;
				SWIFT_COMPILATION_MODE = wholemodule;
				SWIFT_OPTIMIZATION_LEVEL = "-O";
				VALIDATE_PRODUCT = YES;
			};
			name = Release;
		};
		59356DFA27D3995600D6C950 /* Debug */ = {
			isa = XCBuildConfiguration;
			buildSettings = {
				ASSETCATALOG_COMPILER_APPICON_NAME = AppIcon;
				ASSETCATALOG_COMPILER_GLOBAL_ACCENT_COLOR_NAME = AccentColor;
				CODE_SIGN_STYLE = Automatic;
				CURRENT_PROJECT_VERSION = 1;
				DEVELOPMENT_ASSET_PATHS = "\"ToDoList/Preview Content\"";
				DEVELOPMENT_TEAM = ND4K69ACN5;
				ENABLE_PREVIEWS = YES;
				GENERATE_INFOPLIST_FILE = YES;
				INFOPLIST_KEY_UIApplicationSceneManifest_Generation = YES;
				INFOPLIST_KEY_UIApplicationSupportsIndirectInputEvents = YES;
				INFOPLIST_KEY_UILaunchScreen_Generation = YES;
				INFOPLIST_KEY_UISupportedInterfaceOrientations_iPad = "UIInterfaceOrientationPortrait UIInterfaceOrientationPortraitUpsideDown UIInterfaceOrientationLandscapeLeft UIInterfaceOrientationLandscapeRight";
				INFOPLIST_KEY_UISupportedInterfaceOrientations_iPhone = "UIInterfaceOrientationPortrait UIInterfaceOrientationLandscapeLeft UIInterfaceOrientationLandscapeRight";
				IPHONEOS_DEPLOYMENT_TARGET = 15.0;
				LD_RUNPATH_SEARCH_PATHS = (
					"$(inherited)",
					"@executable_path/Frameworks",
				);
				MARKETING_VERSION = 1.0;
				PRODUCT_BUNDLE_IDENTIFIER = KonstantinBoiko.ToDoList;
				PRODUCT_NAME = "$(TARGET_NAME)";
				SWIFT_EMIT_LOC_STRINGS = YES;
				SWIFT_VERSION = 5.0;
				TARGETED_DEVICE_FAMILY = "1,2";
			};
			name = Debug;
		};
		59356DFB27D3995600D6C950 /* Release */ = {
			isa = XCBuildConfiguration;
			buildSettings = {
				ASSETCATALOG_COMPILER_APPICON_NAME = AppIcon;
				ASSETCATALOG_COMPILER_GLOBAL_ACCENT_COLOR_NAME = AccentColor;
				CODE_SIGN_STYLE = Automatic;
				CURRENT_PROJECT_VERSION = 1;
				DEVELOPMENT_ASSET_PATHS = "\"ToDoList/Preview Content\"";
				DEVELOPMENT_TEAM = ND4K69ACN5;
				ENABLE_PREVIEWS = YES;
				GENERATE_INFOPLIST_FILE = YES;
				INFOPLIST_KEY_UIApplicationSceneManifest_Generation = YES;
				INFOPLIST_KEY_UIApplicationSupportsIndirectInputEvents = YES;
				INFOPLIST_KEY_UILaunchScreen_Generation = YES;
				INFOPLIST_KEY_UISupportedInterfaceOrientations_iPad = "UIInterfaceOrientationPortrait UIInterfaceOrientationPortraitUpsideDown UIInterfaceOrientationLandscapeLeft UIInterfaceOrientationLandscapeRight";
				INFOPLIST_KEY_UISupportedInterfaceOrientations_iPhone = "UIInterfaceOrientationPortrait UIInterfaceOrientationLandscapeLeft UIInterfaceOrientationLandscapeRight";
				IPHONEOS_DEPLOYMENT_TARGET = 15.0;
				LD_RUNPATH_SEARCH_PATHS = (
					"$(inherited)",
					"@executable_path/Frameworks",
				);
				MARKETING_VERSION = 1.0;
				PRODUCT_BUNDLE_IDENTIFIER = KonstantinBoiko.ToDoList;
				PRODUCT_NAME = "$(TARGET_NAME)";
				SWIFT_EMIT_LOC_STRINGS = YES;
				SWIFT_VERSION = 5.0;
				TARGETED_DEVICE_FAMILY = "1,2";
			};
			name = Release;
		};
/* End XCBuildConfiguration section */

/* Begin XCConfigurationList section */
		59356DE627D3994E00D6C950 /* Build configuration list for PBXProject "ToDoList" */ = {
			isa = XCConfigurationList;
			buildConfigurations = (
				59356DF727D3995600D6C950 /* Debug */,
				59356DF827D3995600D6C950 /* Release */,
			);
			defaultConfigurationIsVisible = 0;
			defaultConfigurationName = Release;
		};
		59356DF927D3995600D6C950 /* Build configuration list for PBXNativeTarget "ToDoList" */ = {
			isa = XCConfigurationList;
			buildConfigurations = (
				59356DFA27D3995600D6C950 /* Debug */,
				59356DFB27D3995600D6C950 /* Release */,
			);
			defaultConfigurationIsVisible = 0;
			defaultConfigurationName = Release;
		};
/* End XCConfigurationList section */

/* Begin XCRemoteSwiftPackageReference section */
		5902903727DCD2520039EA73 /* XCRemoteSwiftPackageReference "realm-swift" */ = {
			isa = XCRemoteSwiftPackageReference;
			repositoryURL = "https://github.com/realm/realm-swift";
			requirement = {
				kind = upToNextMajorVersion;
				minimumVersion = 10.10.0;
			};
		};
/* End XCRemoteSwiftPackageReference section */

/* Begin XCSwiftPackageProductDependency section */
		5902903827DCD2520039EA73 /* Realm */ = {
			isa = XCSwiftPackageProductDependency;
			package = 5902903727DCD2520039EA73 /* XCRemoteSwiftPackageReference "realm-swift" */;
			productName = Realm;
		};
		5902903A27DCD2520039EA73 /* RealmSwift */ = {
			isa = XCSwiftPackageProductDependency;
			package = 5902903727DCD2520039EA73 /* XCRemoteSwiftPackageReference "realm-swift" */;
			productName = RealmSwift;
		};
/* End XCSwiftPackageProductDependency section */
	};
	rootObject = 59356DE327D3994E00D6C950 /* Project object */;
}
